
Microsoft Visual Studio Solution File, Format Version 12.00
# Visual Studio Version 16
VisualStudioVersion = 16.0.31129.286
MinimumVisualStudioVersion = 10.0.40219.1
Project("{FAE04EC0-301F-11D3-BF4B-00C04F79EFBC}") = "RegisterDeUsarios", "RegisterDeUsarios.csproj", "{AA7B8B6B-D52E-4789-AAED-FB3D5E1AF199}"
EndProject
Global
	GlobalSection(SolutionConfigurationPlatforms) = preSolution
		Debug|Any CPU = Debug|Any CPU
		Release|Any CPU = Release|Any CPU
	EndGlobalSection
	GlobalSection(ProjectConfigurationPlatforms) = postSolution
		{AA7B8B6B-D52E-4789-AAED-FB3D5E1AF199}.Debug|Any CPU.ActiveCfg = Debug|Any CPU
		{AA7B8B6B-D52E-4789-AAED-FB3D5E1AF199}.Debug|Any CPU.Build.0 = Debug|Any CPU
		{AA7B8B6B-D52E-4789-AAED-FB3D5E1AF199}.Release|Any CPU.ActiveCfg = Release|Any CPU
		{AA7B8B6B-D52E-4789-AAED-FB3D5E1AF199}.Release|Any CPU.Build.0 = Release|Any CPU
	EndGlobalSection
	GlobalSection(SolutionProperties) = preSolution
		HideSolutionNode = FALSE
	EndGlobalSection
	GlobalSection(ExtensibilityGlobals) = postSolution
		SolutionGuid = {EC02FC51-F13F-4B30-B268-5944A86A0446}
	EndGlobalSection
EndGlobal
